{
  "version": 1,
  "dependencies": {
    "net8.0-windows8.0": {
      "Archipelago.MultiClient.Net": {
        "type": "Direct",
        "requested": "[6.3.1, )",
        "resolved": "6.3.1",
        "contentHash": "x7N0KHS1UjD1ZS6XGkJrBu6w//pNCe4PgYXEwPedRls/GcbbhgtEsGJmtxfPk/9/cCBXTymHNGMCrWmG9PGlLw=="
      },
      "DalamudPackager": {
        "type": "Direct",
        "requested": "[11.0.0, )",
        "resolved": "11.0.0",
        "contentHash": "bjT7XUlhIJSmsE/O76b7weUX+evvGQctbQB8aKXt94o+oPWxHpCepxAGMs7Thow3AzCyqWs7cOpp9/2wcgRRQA=="
      }
    }
  }
}